
Microsoft Visual Studio Solution File, Format Version 12.00
# Visual Studio 15
VisualStudioVersion = 15.0.28307.102
MinimumVisualStudioVersion = 10.0.40219.1
Project("{FAE04EC0-301F-11D3-BF4B-00C04F79EFBC}") = "PrivateChest", "PrivateChest\PrivateChest.csproj", "{6AFABD4D-B84F-4F40-AFBF-E80AA046B622}"
EndProject
Project("{FAE04EC0-301F-11D3-BF4B-00C04F79EFBC}") = "Menu", "..\..\Interfaces\Menu\Menu\Menu.csproj", "{118B2447-1FF6-4A6D-83B7-6D43F048801C}"
EndProject
Global
	GlobalSection(SolutionConfigurationPlatforms) = preSolution
		Debug|Any CPU = Debug|Any CPU
		Release|Any CPU = Release|Any CPU
	EndGlobalSection
	GlobalSection(ProjectConfigurationPlatforms) = postSolution
		{6AFABD4D-B84F-4F40-AFBF-E80AA046B622}.Debug|Any CPU.ActiveCfg = Debug|Any CPU
		{6AFABD4D-B84F-4F40-AFBF-E80AA046B622}.Debug|Any CPU.Build.0 = Debug|Any CPU
		{6AFABD4D-B84F-4F40-AFBF-E80AA046B622}.Release|Any CPU.ActiveCfg = Release|Any CPU
		{6AFABD4D-B84F-4F40-AFBF-E80AA046B622}.Release|Any CPU.Build.0 = Release|Any CPU
		{118B2447-1FF6-4A6D-83B7-6D43F048801C}.Debug|Any CPU.ActiveCfg = Debug|Any CPU
		{118B2447-1FF6-4A6D-83B7-6D43F048801C}.Debug|Any CPU.Build.0 = Debug|Any CPU
		{118B2447-1FF6-4A6D-83B7-6D43F048801C}.Release|Any CPU.ActiveCfg = Release|Any CPU
		{118B2447-1FF6-4A6D-83B7-6D43F048801C}.Release|Any CPU.Build.0 = Release|Any CPU
	EndGlobalSection
	GlobalSection(SolutionProperties) = preSolution
		HideSolutionNode = FALSE
	EndGlobalSection
	GlobalSection(ExtensibilityGlobals) = postSolution
		SolutionGuid = {4F8B55FB-9D5E-406A-A8C8-0FD0CD011E9F}
	EndGlobalSection
EndGlobal
